dependencies:
  espressif/button:
    component_hash: c3ee3ba339a3848977496d0157008ae574a24fc59f54d27c93ab51b14446a2fb
    dependencies:
    - name: espressif/cmake_utilities
      registry_url: https://components.espressif.com/
      require: private
      version: 0.*
    - name: idf
      require: private
      version: '>=4.0'
    source:
      registry_url: https://components.espressif.com/
      type: service
    version: 3.3.1
  espressif/cbor:
    component_hash: 440f4ee4504841cc9b4f3a8ef755776a612ac9dace355514c68b999868f990ff
    dependencies:
    - name: idf
      require: private
      version: '>=4.3'
    source:
      registry_url: https://components.espressif.com/
      type: service
    version: 0.6.0~1
  espressif/cmake_utilities:
    component_hash: 351350613ceafba240b761b4ea991e0f231ac7a9f59a9ee901f751bddc0bb18f
    dependencies:
    - name: idf
      require: private
      version: '>=4.1'
    source:
      registry_url: https://components.espressif.com/
      type: service
    version: 0.5.3
  espressif/esp-serial-flasher:
    component_hash: dcc42a16712a1a636509cf0bf90e14032d7f2141784b533613b267b6aa318d52
    dependencies: []
    source:
      registry_url: https://components.espressif.com/
      type: service
    version: 0.0.11
  espressif/esp_bsp_generic:
    component_hash: c522777777b7fe706a1c8c7b65f1688290bd45d6385856d30af8ccf9d3846daa
    dependencies:
    - name: espressif/button
      registry_url: https://components.espressif.com/
      require: public
      version: '>=2.5,<4.0'
    - name: espressif/esp_lcd_gc9a01
      registry_url: https://components.espressif.com/
      require: private
      version: ^1
    - name: espressif/esp_lcd_ili9341
      registry_url: https://components.espressif.com/
      require: private
      version: ^1
    - name: espressif/esp_lcd_touch_cst816s
      registry_url: https://components.espressif.com/
      require: private
      version: ^1
    - name: espressif/esp_lcd_touch_ft5x06
      registry_url: https://components.espressif.com/
      require: private
      version: ^1
    - name: espressif/esp_lcd_touch_gt1151
      registry_url: https://components.espressif.com/
      require: private
      version: ^1
    - name: espressif/esp_lcd_touch_gt911
      registry_url: https://components.espressif.com/
      require: private
      version: ^1
    - name: espressif/esp_lcd_touch_tt21100
      registry_url: https://components.espressif.com/
      require: private
      version: ^1
    - name: espressif/esp_lvgl_port
      registry_url: https://components.espressif.com/
      require: public
      version: ^2
    - name: idf
      require: private
      version: '>=4.4.2'
    - name: espressif/led_indicator
      registry_url: https://components.espressif.com/
      require: public
      version: ^0.9
    source:
      registry_url: https://components.espressif.com/
      type: service
    version: 1.2.0
  espressif/esp_delta_ota:
    component_hash: f142d2f63761b0ac92278ba28e036f1222777e5a1745d83b98b340d576b8b8a7
    dependencies:
    - name: idf
      require: private
      version: '>=4.3'
    source:
      registry_url: https://components.espressif.com/
      type: service
    version: 1.1.0
  espressif/esp_diag_data_store:
    component_hash: 8849195251dbb8a2d7268335277cfa310cef36e4ac1e90cd59ad3be4269a30d7
    dependencies:
    - name: idf
      require: private
      version: '>=4.1'
    source:
      registry_url: https://components.espressif.com/
      type: service
    version: 1.0.1
  espressif/esp_diagnostics:
    component_hash: fe19f5ee7f0145f406d36a4d5310e4ae0c6ee1afa47f2681ada8a2ea8582d390
    dependencies:
    - name: espressif/rmaker_common
      registry_url: https://components.espressif.com/
      require: private
      version: ~1.4.0
    - name: idf
      require: private
      version: '>=4.1'
    source:
      registry_url: https://components.espressif.com/
      type: service
    version: 1.0.2
  espressif/esp_encrypted_img:
    component_hash: 1c34d5b0e70a3878e63fe2bedb00824bcf83c30d9b020029c38400d0d14fe182
    dependencies:
    - name: idf
      require: private
      version: '>=4.4'
    source:
      registry_url: https://components.espressif.com/
      type: service
    version: 2.1.0
  espressif/esp_insights:
    component_hash: 2472a19de98a8b991baeeac7209765b70ce14ec2b1435dbed3abd020dd0f7227
    dependencies:
    - name: espressif/cbor
      registry_url: https://components.espressif.com/
      require: private
      rules:
      - if: idf_version >=5.0
      version: ~0.6
    - name: espressif/esp_diag_data_store
      registry_url: https://components.espressif.com/
      require: private
      version: ~1.0
    - name: espressif/esp_diagnostics
      registry_url: https://components.espressif.com/
      require: private
      version: ~1.0
    - name: espressif/rmaker_common
      registry_url: https://components.espressif.com/
      require: private
      version: ~1.4.0
    - name: idf
      require: private
      version: '>=4.1'
    source:
      registry_url: https://components.espressif.com/
      type: service
    version: 1.0.1
  espressif/esp_lcd_gc9a01:
    component_hash: 2ccbdfa5a1762c7a8be66770b69a256d809651d6069098852d2c829648707b5b
    dependencies:
    - name: espressif/cmake_utilities
      registry_url: https://components.espressif.com/
      require: private
      version: 0.*
    - name: idf
      require: private
      version: '>=4.4'
    source:
      registry_url: https://components.espressif.com/
      type: service
    version: 1.2.0
  espressif/esp_lcd_ili9341:
    component_hash: 31f1b793aa2110dd2ae071c21ccbff0a4eb20d9a4ee40b6294c0dc0ad9552c4e
    dependencies:
    - name: espressif/cmake_utilities
      registry_url: https://components.espressif.com/
      require: private
      version: 0.*
    - name: idf
      require: private
      version: '>=4.4'
    source:
      registry_url: https://components.espressif.com/
      type: service
    version: 1.2.0
  espressif/esp_lcd_touch:
    component_hash: 779b4ba2464a3ae85681e4b860caa5fdc35801458c23f3039ee761bae7f442a4
    dependencies:
    - name: idf
      require: private
      version: '>=4.4.2'
    source:
      registry_url: https://components.espressif.com/
      type: service
    version: 1.1.2
  espressif/esp_lcd_touch_cst816s:
    component_hash: a29d2bed4d08edcb54e48da0383aebac88aa88325002273c534323a573e204ca
    dependencies:
    - name: espressif/esp_lcd_touch
      registry_url: https://components.espressif.com/
      require: public
      version: ^1.0.4
    - name: idf
      require: private
      version: '>=4.4.2'
    source:
      registry_url: https://components.espressif.com/
      type: service
    version: 1.0.3~1
  espressif/esp_lcd_touch_ft5x06:
    component_hash: 00a8c8e846faa99a476091a45e47fbf3e9b6d303bacb849553ac01510d52d7eb
    dependencies:
    - name: espressif/esp_lcd_touch
      registry_url: https://components.espressif.com/
      require: public
      version: ^1.0.4
    - name: idf
      require: private
      version: '>=4.4.2'
    source:
      registry_url: https://components.espressif.com/
      type: service
    version: 1.0.6~1
  espressif/esp_lcd_touch_gt1151:
    component_hash: 69dd86cd5fad2442e3bf15c8c4ddddbe9e8739bdb26cd5f2c5249601b4c3cc38
    dependencies:
    - name: espressif/esp_lcd_touch
      registry_url: https://components.espressif.com/
      require: public
      version: ^1.0.4
    - name: idf
      require: private
      version: '>=4.4.2'
    source:
      registry_url: https://components.espressif.com/
      type: service
    version: 1.0.5~2
  espressif/esp_lcd_touch_gt911:
    component_hash: f90c3f82f052d1ccdfd71895a062f396ccc1c90ec69d8a99c483180387230bac
    dependencies:
    - name: espressif/esp_lcd_touch
      registry_url: https://components.espressif.com/
      require: public
      version: ^1.1.0
    - name: idf
      require: private
      version: '>=4.4.2'
    source:
      registry_url: https://components.espressif.com/
      type: service
    version: 1.1.1~1
  espressif/esp_lcd_touch_tt21100:
    component_hash: 320b0c047223ee744e258648e0dc7035e8ec54fcffea9dcd81063c1bafa8d0a7
    dependencies:
    - name: espressif/esp_lcd_touch
      registry_url: https://components.espressif.com/
      require: public
      version: ^1.1.0
    - name: idf
      require: private
      version: '>=4.4.2'
    source:
      registry_url: https://components.espressif.com/
      type: service
    version: 1.1.0~1
  espressif/esp_lvgl_port:
    component_hash: 8bcec6b1144750343ce7e411a7a1057a75a6348d3edc137bd5792ccba7f6c270
    dependencies:
    - name: idf
      require: private
      version: '>=4.4'
    - name: lvgl/lvgl
      registry_url: https://components.espressif.com/
      require: public
      version: '>=8,<10'
    source:
      registry_url: https://components.espressif.com/
      type: service
    version: 2.3.2
  espressif/esp_rcp_update:
    component_hash: c10afbd54a17f27eed880e61262b161656e6d36ad63376c307f9273e99d0abcd
    dependencies:
    - name: espressif/esp-serial-flasher
      registry_url: https://components.espressif.com/
      require: private
      version: ~0.0.0
    - name: idf
      require: private
      version: '>=5.0'
    source:
      registry_url: https://components.espressif.com/
      type: service
    version: 1.2.0
  espressif/esp_secure_cert_mgr:
    component_hash: a20007d67e65a000670ab77e45d7554c943eb8dcb0abeada0a57dd9adac3a703
    dependencies:
    - name: idf
      require: private
      version: '>=4.3'
    source:
      registry_url: https://components.espressif.com/
      type: service
    version: 2.4.1
  espressif/jsmn:
    component_hash: d80350c41bbaa827c98a25b6072df00884e72f54885996fab4a4f0aebce6b6c3
    dependencies:
    - name: idf
      require: private
      version: '>=4.3'
    source:
      registry_url: https://components.espressif.com/
      type: service
    version: 1.1.0
  espressif/json_generator:
    component_hash: 45033e1c199b13f1c8c1b544fb7d4e2df6a8e3071ebdcb1b22582b61a7974ff2
    dependencies: []
    source:
      registry_url: https://components.espressif.com/
      type: service
    version: 1.1.2
  espressif/json_parser:
    component_hash: d74b81729ad06ec11ff5eb5b1b0d7df1d00e6027fc11471f4b139c70dcf1b1e4
    dependencies:
    - name: espressif/jsmn
      registry_url: https://components.espressif.com/
      require: private
      rules:
      - if: idf_version >=5.0
      version: ~1.1
    source:
      registry_url: https://components.espressif.com/
      type: service
    version: 1.0.3
  espressif/led_indicator:
    component_hash: 8ffbd4d0c3f996c10b5d4d23e1f13fa012684e7f97369a0d5442b8d58e6b587f
    dependencies:
    - name: espressif/cmake_utilities
      registry_url: https://components.espressif.com/
      require: private
      version: 0.*
    - name: idf
      require: private
      version: '>=4.0'
    - name: espressif/led_strip
      registry_url: https://components.espressif.com/
      require: public
      version: '>=2.5.2'
    source:
      registry_url: https://components.espressif.com/
      type: service
    version: 0.9.3
  espressif/led_strip:
    component_hash: 28c6509a727ef74925b372ed404772aeedf11cce10b78c3f69b3c66799095e2d
    dependencies:
    - name: idf
      require: private
      version: '>=4.4'
    source:
      registry_url: https://components.espressif.com/
      type: service
    version: 2.5.5
  espressif/mdns:
    component_hash: af6306fe65d637a3683d1cf671508fcedd6b05f9ca029a8815abeab64001fb8d
    dependencies:
    - name: idf
      require: private
      version: '>=5.0'
    source:
      registry_url: https://components.espressif.com/
      type: service
    version: 1.4.0
  espressif/rmaker_common:
    component_hash: a3a1df881278d0351fc850b77792fe8a196ddd6dcacbea203d606329cc6a0239
    dependencies: []
    source:
      registry_url: https://components.espressif.com/
      type: service
    version: 1.4.6
  idf:
    source:
      type: idf
    version: 5.2.1
  lvgl/lvgl:
    component_hash: 2409fdc84e9766d2a18afd84b051aef3f838348136cdb1c10ac2e8bcdb012bf6
    dependencies: []
    source:
      registry_url: https://components.espressif.com/
      type: service
    version: 9.2.0
direct_dependencies:
- espressif/esp_bsp_generic
- espressif/esp_delta_ota
- espressif/esp_encrypted_img
- espressif/esp_insights
- espressif/esp_rcp_update
- espressif/esp_secure_cert_mgr
- espressif/json_generator
- espressif/json_parser
- espressif/mdns
manifest_hash: e64b146b40e7613593cb3640b05b4c72c8113efca316d90d425dd43a2d78b39d
target: esp32c6
version: 2.0.0
